
Microsoft Visual Studio Solution File, Format Version 12.00
# Visual Studio Version 16
VisualStudioVersion = 16.0.30114.105
MinimumVisualStudioVersion = 10.0.40219.1
Project("{9A19103F-16F7-4668-BE54-9A1E7A4F7556}") = "SimpleMultiPageApp", "SimpleMultiPageApp.csproj", "{64BBC955-35A4-4309-9AD7-BF5970748290}"
EndProject
Global
	GlobalSection(SolutionConfigurationPlatforms) = preSolution
		Debug|Any CPU = Debug|Any CPU
		Release|Any CPU = Release|Any CPU
	EndGlobalSection
	GlobalSection(ProjectConfigurationPlatforms) = postSolution
		{64BBC955-35A4-4309-9AD7-BF5970748290}.Debug|Any CPU.ActiveCfg = Debug|Any CPU
		{64BBC955-35A4-4309-9AD7-BF5970748290}.Debug|Any CPU.Build.0 = Debug|Any CPU
		{64BBC955-35A4-4309-9AD7-BF5970748290}.Release|Any CPU.ActiveCfg = Release|Any CPU
		{64BBC955-35A4-4309-9AD7-BF5970748290}.Release|Any CPU.Build.0 = Release|Any CPU
	EndGlobalSection
	GlobalSection(SolutionProperties) = preSolution
		HideSolutionNode = FALSE
	EndGlobalSection
	GlobalSection(ExtensibilityGlobals) = postSolution
		SolutionGuid = {6915BD48-F4AD-4837-B1B8-19F74953704A}
	EndGlobalSection
EndGlobal
